#
# This file is autogenerated by pip-compile with Python 3.10
# by the following command:
#
#    pip-compile --output-file=requirements.lock --strip-extras pyproject.toml
#
annotated-types==0.6.0
    # via pydantic
anyio==4.2.0
    # via
    #   httpx
    #   httpx-ws
    #   red-giant (pyproject.toml)
    #   starlette
certifi==2023.11.17
    # via
    #   httpcore
    #   httpx
click==8.1.7
    # via
    #   typer
    #   uvicorn
exceptiongroup==1.2.2
    # via anyio
fastapi==0.109.0
    # via red-giant (pyproject.toml)
h11==0.14.0
    # via
    #   httpcore
    #   uvicorn
    #   wsproto
httpcore==1.0.2
    # via
    #   httpx
    #   httpx-ws
httpx==0.26.0
    # via
    #   httpx-ws
    #   red-giant (pyproject.toml)
httpx-ws==0.5.0
    # via red-giant (pyproject.toml)
idna==3.6
    # via
    #   anyio
    #   httpx
markdown-it-py==3.0.0
    # via rich
mdurl==0.1.2
    # via markdown-it-py
prometheus-client==0.21.0
    # via red-giant (pyproject.toml)
pydantic==2.5.3
    # via fastapi
pydantic-core==2.14.6
    # via pydantic
pygments==2.18.0
    # via rich
rich==13.9.4
    # via red-giant (pyproject.toml)
sniffio==1.3.0
    # via
    #   anyio
    #   httpx
starlette==0.35.1
    # via fastapi
typer==0.9.0
    # via red-giant (pyproject.toml)
typing-extensions==4.9.0 ; python_version < "3.11"
    # via
    #   anyio
    #   fastapi
    #   pydantic
    #   pydantic-core
    #   red-giant (pyproject.toml)
    #   rich
    #   typer
    #   uvicorn
uvicorn==0.26.0
    # via red-giant (pyproject.toml)
wsproto==1.2.0
    # via httpx-ws
